
Microsoft Visual Studio Solution File, Format Version 12.00
# Visual Studio Version 17
VisualStudioVersion = 17.0.31825.309
MinimumVisualStudioVersion = 10.0.40219.1
Project("{FAE04EC0-301F-11D3-BF4B-00C04F79EFBC}") = "Room Calculator", "Room Calculator\Room Calculator.csproj", "{46D9D966-D995-4D69-94B4-427544989C1D}"
EndProject
Global
	GlobalSection(SolutionConfigurationPlatforms) = preSolution
		Debug|Any CPU = Debug|Any CPU
		Release|Any CPU = Release|Any CPU
	EndGlobalSection
	GlobalSection(ProjectConfigurationPlatforms) = postSolution
		{46D9D966-D995-4D69-94B4-427544989C1D}.Debug|Any CPU.ActiveCfg = Debug|Any CPU
		{46D9D966-D995-4D69-94B4-427544989C1D}.Debug|Any CPU.Build.0 = Debug|Any CPU
		{46D9D966-D995-4D69-94B4-427544989C1D}.Release|Any CPU.ActiveCfg = Release|Any CPU
		{46D9D966-D995-4D69-94B4-427544989C1D}.Release|Any CPU.Build.0 = Release|Any CPU
	EndGlobalSection
	GlobalSection(SolutionProperties) = preSolution
		HideSolutionNode = FALSE
	EndGlobalSection
	GlobalSection(ExtensibilityGlobals) = postSolution
		SolutionGuid = {782E9941-4986-408D-A82A-3147566F9F7B}
	EndGlobalSection
EndGlobal
